// !$*UTF8*$!
{
	archiveVersion = 1;
	classes = {
	};
	objectVersion = 77;
	objects = {

/* Begin PBXBuildFile section */
		0D551657558811383B804B93 /* StatusBarController.swift in Sources */ = {isa = PBXBuildFile; fileRef = 8BE4187651AAE648F8751542 /* StatusBarController.swift */; };
		6662E3A1A711180F0D5F6856 /* MiraApp.swift in Sources */ = {isa = PBXBuildFile; fileRef = 847AFAFC451130DC3C6A6545 /* MiraApp.swift */; };
		98880AD419171559D97DB004 /* ScreenCaptureService.swift in Sources */ = {isa = PBXBuildFile; fileRef = BE19FCB717E75B6DD3B2742B /* ScreenCaptureService.swift */; };
		A034A43B8C5DBCB732AE694B /* VoiceService.swift in Sources */ = {isa = PBXBuildFile; fileRef = 16778FFCF54471FB1ABBB110 /* VoiceService.swift */; };
		ABB7E307AE79F2B775ECE1DB /* MiraState.swift in Sources */ = {isa = PBXBuildFile; fileRef = AA5914547C8201C6C6241551 /* MiraState.swift */; };
		D08711BF6A67BC56365F6AAD /* MiraPanel.swift in Sources */ = {isa = PBXBuildFile; fileRef = 6AAB411962D3D66F94EE5483 /* MiraPanel.swift */; };
		D8D8269A9A004BD4883CB39E /* SettingsView.swift in Sources */ = {isa = PBXBuildFile; fileRef = F7668116B1E1B08C2A630FA1 /* SettingsView.swift */; };
		E2033DB811A3BCAAC7112C02 /* OverlayWindowController.swift in Sources */ = {isa = PBXBuildFile; fileRef = F7D949CA7680302004BA6CCC /* OverlayWindowController.swift */; };
		E547C59E6FE420CA4B4922B3 /* PointerOverlay.swift in Sources */ = {isa = PBXBuildFile; fileRef = EABB60070E502F8E675BD22D /* PointerOverlay.swift */; };
		EF5A78AE754A93C27F0D27E1 /* ClaudeService.swift in Sources */ = {isa = PBXBuildFile; fileRef = F7790F87FD171EFA2DDB0E1B /* ClaudeService.swift */; };
		F0D87835F713093C1687DD76 /* AppDelegate.swift in Sources */ = {isa = PBXBuildFile; fileRef = F06E43F02224F648C3BC05E6 /* AppDelegate.swift */; };
		F957E4929A175438F6FA0F24 /* AgentService.swift in Sources */ = {isa = PBXBuildFile; fileRef = A5AB62B5302AD934D3ED258F /* AgentService.swift */; };
/* End PBXBuildFile section */

/* Begin PBXFileReference section */
		16778FFCF54471FB1ABBB110 /* VoiceService.swift */ = {isa = PBXFileReference; lastKnownFileType = sourcecode.swift; path = VoiceService.swift; sourceTree = "<group>"; };
		2824EFB7442C6F4AF52C6FBE /* Mira.app */ = {isa = PBXFileReference; explicitFileType = wrapper.application; includeInIndex = 0; path = Mira.app; sourceTree = BUILT_PRODUCTS_DIR; };
		6AAB411962D3D66F94EE5483 /* MiraPanel.swift */ = {isa = PBXFileReference; lastKnownFileType = sourcecode.swift; path = MiraPanel.swift; sourceTree = "<group>"; };
		847AFAFC451130DC3C6A6545 /* MiraApp.swift */ = {isa = PBXFileReference; lastKnownFileType = sourcecode.swift; path = MiraApp.swift; sourceTree = "<group>"; };
		8BE4187651AAE648F8751542 /* StatusBarController.swift */ = {isa = PBXFileReference; lastKnownFileType = sourcecode.swift; path = StatusBarController.swift; sourceTree = "<group>"; };
		A5AB62B5302AD934D3ED258F /* AgentService.swift */ = {isa = PBXFileReference; lastKnownFileType = sourcecode.swift; path = AgentService.swift; sourceTree = "<group>"; };
		AA5914547C8201C6C6241551 /* MiraState.swift */ = {isa = PBXFileReference; lastKnownFileType = sourcecode.swift; path = MiraState.swift; sourceTree = "<group>"; };
		BE19FCB717E75B6DD3B2742B /* ScreenCaptureService.swift */ = {isa = PBXFileReference; lastKnownFileType = sourcecode.swift; path = ScreenCaptureService.swift; sourceTree = "<group>"; };
		D6A379AF3382596E92921264 /* Info.plist */ = {isa = PBXFileReference; lastKnownFileType = text.plist; path = Info.plist; sourceTree = "<group>"; };
		DA0389949E9946918CEE0916 /* Mira.entitlements */ = {isa = PBXFileReference; lastKnownFileType = text.plist.entitlements; path = Mira.entitlements; sourceTree = "<group>"; };
		EABB60070E502F8E675BD22D /* PointerOverlay.swift */ = {isa = PBXFileReference; lastKnownFileType = sourcecode.swift; path = PointerOverlay.swift; sourceTree = "<group>"; };
		F06E43F02224F648C3BC05E6 /* AppDelegate.swift */ = {isa = PBXFileReference; lastKnownFileType = sourcecode.swift; path = AppDelegate.swift; sourceTree = "<group>"; };
		F7668116B1E1B08C2A630FA1 /* SettingsView.swift */ = {isa = PBXFileReference; lastKnownFileType = sourcecode.swift; path = SettingsView.swift; sourceTree = "<group>"; };
		F7790F87FD171EFA2DDB0E1B /* ClaudeService.swift */ = {isa = PBXFileReference; lastKnownFileType = sourcecode.swift; path = ClaudeService.swift; sourceTree = "<group>"; };
		F7D949CA7680302004BA6CCC /* OverlayWindowController.swift */ = {isa = PBXFileReference; lastKnownFileType = sourcecode.swift; path = OverlayWindowController.swift; sourceTree = "<group>"; };
/* End PBXFileReference section */

/* Begin PBXGroup section */
		2E401F6C1F1D75B5AC4D5734 /* Controllers */ = {
			isa = PBXGroup;
			children = (
				F7D949CA7680302004BA6CCC /* OverlayWindowController.swift */,
				8BE4187651AAE648F8751542 /* StatusBarController.swift */,
			);
			path = Controllers;
			sourceTree = "<group>";
		};
		6BAEE14F16EA8C85A415D967 /* Products */ = {
			isa = PBXGroup;
			children = (
				2824EFB7442C6F4AF52C6FBE /* Mira.app */,
			);
			name = Products;
			sourceTree = "<group>";
		};
		9F12A7678DA6DB07C4E15942 = {
			isa = PBXGroup;
			children = (
				B1E35459BDE79C37D5E39EE8 /* Mira */,
				6BAEE14F16EA8C85A415D967 /* Products */,
			);
			sourceTree = "<group>";
		};
		B1E35459BDE79C37D5E39EE8 /* Mira */ = {
			isa = PBXGroup;
			children = (
				D6A379AF3382596E92921264 /* Info.plist */,
				DA0389949E9946918CEE0916 /* Mira.entitlements */,
				FD7C70A04688522096953A64 /* App */,
				2E401F6C1F1D75B5AC4D5734 /* Controllers */,
				D81C426E76C691B29275C7BA /* Models */,
				CF57A98103639F94D9C66435 /* Services */,
				FD3D2137623027F8C561CFBC /* Views */,
			);
			path = Mira;
			sourceTree = "<group>";
		};
		CF57A98103639F94D9C66435 /* Services */ = {
			isa = PBXGroup;
			children = (
				A5AB62B5302AD934D3ED258F /* AgentService.swift */,
				F7790F87FD171EFA2DDB0E1B /* ClaudeService.swift */,
				BE19FCB717E75B6DD3B2742B /* ScreenCaptureService.swift */,
				16778FFCF54471FB1ABBB110 /* VoiceService.swift */,
			);
			path = Services;
			sourceTree = "<group>";
		};
		D81C426E76C691B29275C7BA /* Models */ = {
			isa = PBXGroup;
			children = (
				AA5914547C8201C6C6241551 /* MiraState.swift */,
			);
			path = Models;
			sourceTree = "<group>";
		};
		FD3D2137623027F8C561CFBC /* Views */ = {
			isa = PBXGroup;
			children = (
				6AAB411962D3D66F94EE5483 /* MiraPanel.swift */,
				EABB60070E502F8E675BD22D /* PointerOverlay.swift */,
				F7668116B1E1B08C2A630FA1 /* SettingsView.swift */,
			);
			path = Views;
			sourceTree = "<group>";
		};
		FD7C70A04688522096953A64 /* App */ = {
			isa = PBXGroup;
			children = (
				F06E43F02224F648C3BC05E6 /* AppDelegate.swift */,
				847AFAFC451130DC3C6A6545 /* MiraApp.swift */,
			);
			path = App;
			sourceTree = "<group>";
		};
/* End PBXGroup section */

/* Begin PBXNativeTarget section */
		FCE4BAB270C9879CEFDFA543 /* Mira */ = {
			isa = PBXNativeTarget;
			buildConfigurationList = 71645AA03320AAE7C1C513F1 /* Build configuration list for PBXNativeTarget "Mira" */;
			buildPhases = (
				8CC7FB676E4E4AEB2529B18A /* Sources */,
			);
			buildRules = (
			);
			dependencies = (
			);
			name = Mira;
			packageProductDependencies = (
			);
			productName = Mira;
			productReference = 2824EFB7442C6F4AF52C6FBE /* Mira.app */;
			productType = "com.apple.product-type.application";
		};
/* End PBXNativeTarget section */

/* Begin PBXProject section */
		3646508DA08F58E0B720B9B9 /* Project object */ = {
			isa = PBXProject;
			attributes = {
				BuildIndependentTargetsInParallel = YES;
				LastUpgradeCheck = 1500;
				TargetAttributes = {
					FCE4BAB270C9879CEFDFA543 = {
						DevelopmentTeam = "";
						ProvisioningStyle = Manual;
					};
				};
			};
			buildConfigurationList = 1C1A3E0DA6BA974807332677 /* Build configuration list for PBXProject "Mira" */;
			developmentRegion = en;
			hasScannedForEncodings = 0;
			knownRegions = (
				Base,
				en,
			);
			mainGroup = 9F12A7678DA6DB07C4E15942;
			minimizedProjectReferenceProxies = 1;
			preferredProjectObjectVersion = 77;
			productRefGroup = 6BAEE14F16EA8C85A415D967 /* Products */;
			projectDirPath = "";
			projectRoot = "";
			targets = (
				FCE4BAB270C9879CEFDFA543 /* Mira */,
			);
		};
/* End PBXProject section */

/* Begin PBXSourcesBuildPhase section */
		8CC7FB676E4E4AEB2529B18A /* Sources */ = {
			isa = PBXSourcesBuildPhase;
			buildActionMask = 2147483647;
			files = (
				F957E4929A175438F6FA0F24 /* AgentService.swift in Sources */,
				F0D87835F713093C1687DD76 /* AppDelegate.swift in Sources */,
				EF5A78AE754A93C27F0D27E1 /* ClaudeService.swift in Sources */,
				6662E3A1A711180F0D5F6856 /* MiraApp.swift in Sources */,
				D08711BF6A67BC56365F6AAD /* MiraPanel.swift in Sources */,
				ABB7E307AE79F2B775ECE1DB /* MiraState.swift in Sources */,
				E2033DB811A3BCAAC7112C02 /* OverlayWindowController.swift in Sources */,
				E547C59E6FE420CA4B4922B3 /* PointerOverlay.swift in Sources */,
				98880AD419171559D97DB004 /* ScreenCaptureService.swift in Sources */,
				D8D8269A9A004BD4883CB39E /* SettingsView.swift in Sources */,
				0D551657558811383B804B93 /* StatusBarController.swift in Sources */,
				A034A43B8C5DBCB732AE694B /* VoiceService.swift in Sources */,
			);
			runOnlyForDeploymentPostprocessing = 0;
		};
/* End PBXSourcesBuildPhase section */

/* Begin XCBuildConfiguration section */
		208296D53EFA86929FAF13EC /* Release */ = {
			isa = XCBuildConfiguration;
			buildSettings = {
				ALWAYS_SEARCH_USER_PATHS = NO;
				CLANG_ANALYZER_NONNULL = YES;
				CLANG_ANALYZER_NUMBER_OBJECT_CONVERSION = YES_AGGRESSIVE;
				CLANG_CXX_LANGUAGE_STANDARD = "gnu++14";
				CLANG_CXX_LIBRARY = "libc++";
				CLANG_ENABLE_MODULES = YES;
				CLANG_ENABLE_OBJC_ARC = YES;
				CLANG_ENABLE_OBJC_WEAK = YES;
				CLANG_WARN_BLOCK_CAPTURE_AUTORELEASING = YES;
				CLANG_WARN_BOOL_CONVERSION = YES;
				CLANG_WARN_COMMA = YES;
				CLANG_WARN_CONSTANT_CONVERSION = YES;
				CLANG_WARN_DEPRECATED_OBJC_IMPLEMENTATIONS = YES;
				CLANG_WARN_DIRECT_OBJC_ISA_USAGE = YES_ERROR;
				CLANG_WARN_DOCUMENTATION_COMMENTS = YES;
				CLANG_WARN_EMPTY_BODY = YES;
				CLANG_WARN_ENUM_CONVERSION = YES;
				CLANG_WARN_INFINITE_RECURSION = YES;
				CLANG_WARN_INT_CONVERSION = YES;
				CLANG_WARN_NON_LITERAL_NULL_CONVERSION = YES;
				CLANG_WARN_OBJC_IMPLICIT_RETAIN_SELF = YES;
				CLANG_WARN_OBJC_LITERAL_CONVERSION = YES;
				CLANG_WARN_OBJC_ROOT_CLASS = YES_ERROR;
				CLANG_WARN_QUOTED_INCLUDE_IN_FRAMEWORK_HEADER = YES;
				CLANG_WARN_RANGE_LOOP_ANALYSIS = YES;
				CLANG_WARN_STRICT_PROTOTYPES = YES;
				CLANG_WARN_SUSPICIOUS_MOVE = YES;
				CLANG_WARN_UNGUARDED_AVAILABILITY = YES_AGGRESSIVE;
				CLANG_WARN_UNREACHABLE_CODE = YES;
				CLANG_WARN__DUPLICATE_METHOD_MATCH = YES;
				COPY_PHASE_STRIP = NO;
				DEBUG_INFORMATION_FORMAT = "dwarf-with-dsym";
				ENABLE_NS_ASSERTIONS = NO;
				ENABLE_STRICT_OBJC_MSGSEND = YES;
				GCC_C_LANGUAGE_STANDARD = gnu11;
				GCC_NO_COMMON_BLOCKS = YES;
				GCC_WARN_64_TO_32_BIT_CONVERSION = YES;
				GCC_WARN_ABOUT_RETURN_TYPE = YES_ERROR;
				GCC_WARN_UNDECLARED_SELECTOR = YES;
				GCC_WARN_UNINITIALIZED_AUTOS = YES_AGGRESSIVE;
				GCC_WARN_UNUSED_FUNCTION = YES;
				GCC_WARN_UNUSED_VARIABLE = YES;
				MACOSX_DEPLOYMENT_TARGET = 14.0;
				MTL_ENABLE_DEBUG_INFO = NO;
				MTL_FAST_MATH = YES;
				PRODUCT_NAME = "$(TARGET_NAME)";
				SDKROOT = macosx;
				SWIFT_COMPILATION_MODE = wholemodule;
				SWIFT_OPTIMIZATION_LEVEL = "-O";
				SWIFT_VERSION = 5.0;
			};
			name = Release;
		};
		40B1443C261072C4A005B21A /* Debug */ = {
			isa = XCBuildConfiguration;
			buildSettings = {
				ASSETCATALOG_COMPILER_APPICON_NAME = AppIcon;
				CODE_SIGNING_ALLOWED = YES;
				CODE_SIGNING_REQUIRED = NO;
				CODE_SIGN_ENTITLEMENTS = Mira/Mira.entitlements;
				CODE_SIGN_STYLE = Manual;
				COMBINE_HIDPI_IMAGES = YES;
				DEVELOPMENT_TEAM = "";
				ENABLE_HARDENED_RUNTIME = YES;
				INFOPLIST_FILE = Mira/Info.plist;
				LD_RUNPATH_SEARCH_PATHS = (
					"$(inherited)",
					"@executable_path/../Frameworks",
				);
				MACOSX_DEPLOYMENT_TARGET = 14.0;
				PRODUCT_BUNDLE_IDENTIFIER = com.trevonbarbour.mira;
				PRODUCT_NAME = Mira;
				SDKROOT = macosx;
				SWIFT_VERSION = 5.9;
			};
			name = Debug;
		};
		684AB6C3D72D73B8BBACC028 /* Release */ = {
			isa = XCBuildConfiguration;
			buildSettings = {
				ASSETCATALOG_COMPILER_APPICON_NAME = AppIcon;
				CODE_SIGNING_ALLOWED = YES;
				CODE_SIGNING_REQUIRED = NO;
				CODE_SIGN_ENTITLEMENTS = Mira/Mira.entitlements;
				CODE_SIGN_STYLE = Manual;
				COMBINE_HIDPI_IMAGES = YES;
				DEVELOPMENT_TEAM = "";
				ENABLE_HARDENED_RUNTIME = YES;
				INFOPLIST_FILE = Mira/Info.plist;
				LD_RUNPATH_SEARCH_PATHS = (
					"$(inherited)",
					"@executable_path/../Frameworks",
				);
				MACOSX_DEPLOYMENT_TARGET = 14.0;
				PRODUCT_BUNDLE_IDENTIFIER = com.trevonbarbour.mira;
				PRODUCT_NAME = Mira;
				SDKROOT = macosx;
				SWIFT_VERSION = 5.9;
			};
			name = Release;
		};
		DF9A5E3F041B6FF1857B57CD /* Debug */ = {
			isa = XCBuildConfiguration;
			buildSettings = {
				ALWAYS_SEARCH_USER_PATHS = NO;
				CLANG_ANALYZER_NONNULL = YES;
				CLANG_ANALYZER_NUMBER_OBJECT_CONVERSION = YES_AGGRESSIVE;
				CLANG_CXX_LANGUAGE_STANDARD = "gnu++14";
				CLANG_CXX_LIBRARY = "libc++";
				CLANG_ENABLE_MODULES = YES;
				CLANG_ENABLE_OBJC_ARC = YES;
				CLANG_ENABLE_OBJC_WEAK = YES;
				CLANG_WARN_BLOCK_CAPTURE_AUTORELEASING = YES;
				CLANG_WARN_BOOL_CONVERSION = YES;
				CLANG_WARN_COMMA = YES;
				CLANG_WARN_CONSTANT_CONVERSION = YES;
				CLANG_WARN_DEPRECATED_OBJC_IMPLEMENTATIONS = YES;
				CLANG_WARN_DIRECT_OBJC_ISA_USAGE = YES_ERROR;
				CLANG_WARN_DOCUMENTATION_COMMENTS = YES;
				CLANG_WARN_EMPTY_BODY = YES;
				CLANG_WARN_ENUM_CONVERSION = YES;
				CLANG_WARN_INFINITE_RECURSION = YES;
				CLANG_WARN_INT_CONVERSION = YES;
				CLANG_WARN_NON_LITERAL_NULL_CONVERSION = YES;
				CLANG_WARN_OBJC_IMPLICIT_RETAIN_SELF = YES;
				CLANG_WARN_OBJC_LITERAL_CONVERSION = YES;
				CLANG_WARN_OBJC_ROOT_CLASS = YES_ERROR;
				CLANG_WARN_QUOTED_INCLUDE_IN_FRAMEWORK_HEADER = YES;
				CLANG_WARN_RANGE_LOOP_ANALYSIS = YES;
				CLANG_WARN_STRICT_PROTOTYPES = YES;
				CLANG_WARN_SUSPICIOUS_MOVE = YES;
				CLANG_WARN_UNGUARDED_AVAILABILITY = YES_AGGRESSIVE;
				CLANG_WARN_UNREACHABLE_CODE = YES;
				CLANG_WARN__DUPLICATE_METHOD_MATCH = YES;
				COPY_PHASE_STRIP = NO;
				DEBUG_INFORMATION_FORMAT = dwarf;
				ENABLE_STRICT_OBJC_MSGSEND = YES;
				ENABLE_TESTABILITY = YES;
				GCC_C_LANGUAGE_STANDARD = gnu11;
				GCC_DYNAMIC_NO_PIC = NO;
				GCC_NO_COMMON_BLOCKS = YES;
				GCC_OPTIMIZATION_LEVEL = 0;
				GCC_PREPROCESSOR_DEFINITIONS = (
					"$(inherited)",
					"DEBUG=1",
				);
				GCC_WARN_64_TO_32_BIT_CONVERSION = YES;
				GCC_WARN_ABOUT_RETURN_TYPE = YES_ERROR;
				GCC_WARN_UNDECLARED_SELECTOR = YES;
				GCC_WARN_UNINITIALIZED_AUTOS = YES_AGGRESSIVE;
				GCC_WARN_UNUSED_FUNCTION = YES;
				GCC_WARN_UNUSED_VARIABLE = YES;
				MACOSX_DEPLOYMENT_TARGET = 14.0;
				MTL_ENABLE_DEBUG_INFO = INCLUDE_SOURCE;
				MTL_FAST_MATH = YES;
				ONLY_ACTIVE_ARCH = YES;
				PRODUCT_NAME = "$(TARGET_NAME)";
				SDKROOT = macosx;
				SWIFT_ACTIVE_COMPILATION_CONDITIONS = DEBUG;
				SWIFT_OPTIMIZATION_LEVEL = "-Onone";
				SWIFT_VERSION = 5.0;
			};
			name = Debug;
		};
/* End XCBuildConfiguration section */

/* Begin XCConfigurationList section */
		1C1A3E0DA6BA974807332677 /* Build configuration list for PBXProject "Mira" */ = {
			isa = XCConfigurationList;
			buildConfigurations = (
				DF9A5E3F041B6FF1857B57CD /* Debug */,
				208296D53EFA86929FAF13EC /* Release */,
			);
			defaultConfigurationIsVisible = 0;
			defaultConfigurationName = Debug;
		};
		71645AA03320AAE7C1C513F1 /* Build configuration list for PBXNativeTarget "Mira" */ = {
			isa = XCConfigurationList;
			buildConfigurations = (
				40B1443C261072C4A005B21A /* Debug */,
				684AB6C3D72D73B8BBACC028 /* Release */,
			);
			defaultConfigurationIsVisible = 0;
			defaultConfigurationName = Debug;
		};
/* End XCConfigurationList section */
	};
	rootObject = 3646508DA08F58E0B720B9B9 /* Project object */;
}
